
Microsoft Visual Studio Solution File, Format Version 12.00
# Visual Studio 15
Project("{FAE04EC0-301F-11D3-BF4B-00C04F79EFBC}") = "IslandConquer", "IslandConquer.csproj", "{1616ADFA-01D7-0E8E-A12E-525DBB2F7DF2}"
EndProject
Project("{FAE04EC0-301F-11D3-BF4B-00C04F79EFBC}") = "IslandConquer.Plugins", "IslandConquer.Plugins.csproj", "{ACDB8462-B723-6BC0-E5C4-13009D3B265A}"
EndProject
Project("{FAE04EC0-301F-11D3-BF4B-00C04F79EFBC}") = "IslandConquer.Editor.Plugins", "IslandConquer.Editor.Plugins.csproj", "{A3E947B6-0811-A3FB-9673-09C852C9B013}"
EndProject
Global
	GlobalSection(SolutionConfigurationPlatforms) = preSolution
		Debug|Any CPU = Debug|Any CPU
		Release|Any CPU = Release|Any CPU
	EndGlobalSection
	GlobalSection(ProjectConfigurationPlatforms) = postSolution
		{1616ADFA-01D7-0E8E-A12E-525DBB2F7DF2}.Debug|Any CPU.ActiveCfg = Debug|Any CPU
		{1616ADFA-01D7-0E8E-A12E-525DBB2F7DF2}.Debug|Any CPU.Build.0 = Debug|Any CPU
		{1616ADFA-01D7-0E8E-A12E-525DBB2F7DF2}.Release|Any CPU.ActiveCfg = Release|Any CPU
		{1616ADFA-01D7-0E8E-A12E-525DBB2F7DF2}.Release|Any CPU.Build.0 = Release|Any CPU
		{ACDB8462-B723-6BC0-E5C4-13009D3B265A}.Debug|Any CPU.ActiveCfg = Debug|Any CPU
		{ACDB8462-B723-6BC0-E5C4-13009D3B265A}.Debug|Any CPU.Build.0 = Debug|Any CPU
		{ACDB8462-B723-6BC0-E5C4-13009D3B265A}.Release|Any CPU.ActiveCfg = Release|Any CPU
		{ACDB8462-B723-6BC0-E5C4-13009D3B265A}.Release|Any CPU.Build.0 = Release|Any CPU
		{A3E947B6-0811-A3FB-9673-09C852C9B013}.Debug|Any CPU.ActiveCfg = Debug|Any CPU
		{A3E947B6-0811-A3FB-9673-09C852C9B013}.Debug|Any CPU.Build.0 = Debug|Any CPU
		{A3E947B6-0811-A3FB-9673-09C852C9B013}.Release|Any CPU.ActiveCfg = Release|Any CPU
		{A3E947B6-0811-A3FB-9673-09C852C9B013}.Release|Any CPU.Build.0 = Release|Any CPU
	EndGlobalSection
	GlobalSection(SolutionProperties) = preSolution
		HideSolutionNode = FALSE
	EndGlobalSection
EndGlobal
